{
  "version": 4,
  "terraform_version": "1.0.11",
  "serial": 4,
  "lineage": "c9a7597f-261a-fa33-e576-14e5f2972037",
  "outputs": {},
  "resources": [
    {
      "mode": "managed",
      "type": "null_resource",
      "name": "gitops_output",
      "provider": "provider[\"registry.terraform.io/hashicorp/null\"]",
      "instances": []
    },
    {
      "mode": "managed",
      "type": "null_resource",
      "name": "output_kubeconfig",
      "provider": "provider[\"registry.terraform.io/hashicorp/null\"]",
      "instances": []
    },
    {
      "mode": "managed",
      "type": "null_resource",
      "name": "write_namespace",
      "provider": "provider[\"registry.terraform.io/hashicorp/null\"]",
      "instances": []
    },
    {
      "mode": "managed",
      "type": "null_resource",
      "name": "write_outputs",
      "provider": "provider[\"registry.terraform.io/hashicorp/null\"]",
      "instances": []
    },
    {
      "module": "module.cert",
      "mode": "managed",
      "type": "tls_private_key",
      "name": "generated_key",
      "provider": "provider[\"registry.terraform.io/hashicorp/tls\"]",
      "instances": []
    },
    {
      "module": "module.cert",
      "mode": "managed",
      "type": "tls_self_signed_cert",
      "name": "cert",
      "provider": "provider[\"registry.terraform.io/hashicorp/tls\"]",
      "instances": []
    },
    {
      "module": "module.dev_cluster",
      "mode": "managed",
      "type": "null_resource",
      "name": "create_dirs",
      "provider": "provider[\"registry.terraform.io/hashicorp/null\"]",
      "instances": [
        {
          "schema_version": 0,
          "attributes": {
            "id": "861765201848646386",
            "triggers": null
          },
          "sensitive_attributes": [],
          "private": "bnVsbA=="
        }
      ]
    },
    {
      "module": "module.dev_cluster",
      "mode": "managed",
      "type": "null_resource",
      "name": "oc_login",
      "provider": "provider[\"registry.terraform.io/hashicorp/null\"]",
      "instances": [
        {
          "index_key": 0,
          "schema_version": 0,
          "attributes": {
            "id": "2108184816143092109",
            "triggers": {
              "always_run": "2022-02-07T07:12:09Z"
            }
          },
          "sensitive_attributes": [],
          "private": "bnVsbA=="
        }
      ]
    },
    {
      "module": "module.gitops",
      "mode": "data",
      "type": "local_file",
      "name": "cert_file",
      "provider": "provider[\"registry.terraform.io/hashicorp/local\"]",
      "instances": []
    },
    {
      "module": "module.gitops",
      "mode": "managed",
      "type": "null_resource",
      "name": "initialize_gitops",
      "provider": "provider[\"registry.terraform.io/hashicorp/null\"]",
      "instances": []
    },
    {
      "module": "module.gitops",
      "mode": "managed",
      "type": "null_resource",
      "name": "read_cert",
      "provider": "provider[\"registry.terraform.io/hashicorp/null\"]",
      "instances": []
    },
    {
      "module": "module.gitops-bootstrap",
      "mode": "data",
      "type": "local_file",
      "name": "argocd_config",
      "provider": "provider[\"registry.terraform.io/hashicorp/local\"]",
      "instances": []
    },
    {
      "module": "module.gitops-bootstrap",
      "mode": "managed",
      "type": "null_resource",
      "name": "bootstrap_argocd",
      "provider": "provider[\"registry.terraform.io/hashicorp/null\"]",
      "instances": []
    },
    {
      "module": "module.gitops-bootstrap",
      "mode": "managed",
      "type": "null_resource",
      "name": "create_tls_secret",
      "provider": "provider[\"registry.terraform.io/hashicorp/null\"]",
      "instances": []
    },
    {
      "module": "module.gitops-bootstrap",
      "mode": "managed",
      "type": "null_resource",
      "name": "create_webhook",
      "provider": "provider[\"registry.terraform.io/hashicorp/null\"]",
      "instances": []
    },
    {
      "module": "module.gitops-bootstrap",
      "mode": "managed",
      "type": "null_resource",
      "name": "retrieve_argocd_config",
      "provider": "provider[\"registry.terraform.io/hashicorp/null\"]",
      "instances": []
    },
    {
      "module": "module.gitops-bootstrap",
      "mode": "managed",
      "type": "random_string",
      "name": "suffix",
      "provider": "provider[\"registry.terraform.io/hashicorp/random\"]",
      "instances": [
        {
          "schema_version": 1,
          "attributes": {
            "id": "jng7xb",
            "keepers": null,
            "length": 6,
            "lower": true,
            "min_lower": 0,
            "min_numeric": 0,
            "min_special": 0,
            "min_upper": 0,
            "number": true,
            "override_special": null,
            "result": "jng7xb",
            "special": false,
            "upper": false
          },
          "sensitive_attributes": [],
          "private": "eyJzY2hlbWFfdmVyc2lvbiI6IjEifQ=="
        }
      ]
    },
    {
      "module": "module.gitops-bootstrap.module.setup_clis",
      "mode": "managed",
      "type": "null_resource",
      "name": "setup-binaries",
      "provider": "provider[\"registry.terraform.io/hashicorp/null\"]",
      "instances": [
        {
          "schema_version": 0,
          "attributes": {
            "id": "4998972451206168867",
            "triggers": {
              "always_run": "2022-02-07T07:12:09Z"
            }
          },
          "sensitive_attributes": [],
          "private": "bnVsbA=="
        }
      ]
    },
    {
      "module": "module.gitops.module.gitops-repo",
      "mode": "managed",
      "type": "null_resource",
      "name": "initialize_repo",
      "provider": "provider[\"registry.terraform.io/hashicorp/null\"]",
      "instances": []
    },
    {
      "module": "module.gitops.module.setup_clis",
      "mode": "managed",
      "type": "null_resource",
      "name": "setup-binaries",
      "provider": "provider[\"registry.terraform.io/hashicorp/null\"]",
      "instances": [
        {
          "schema_version": 0,
          "attributes": {
            "id": "8169908691603894635",
            "triggers": {
              "always_run": "2022-02-07T07:12:09Z"
            }
          },
          "sensitive_attributes": [],
          "private": "bnVsbA=="
        }
      ]
    },
    {
      "module": "module.gitops_cp_foundation",
      "mode": "managed",
      "type": "null_resource",
      "name": "create_yaml",
      "provider": "provider[\"registry.terraform.io/hashicorp/null\"]",
      "instances": [
        {
          "schema_version": 0,
          "attributes": {
            "id": "4704850154920496583",
            "triggers": null
          },
          "sensitive_attributes": [],
          "private": "bnVsbA=="
        }
      ]
    },
    {
      "module": "module.gitops_cp_foundation",
      "mode": "managed",
      "type": "null_resource",
      "name": "setup_gitops",
      "provider": "provider[\"registry.terraform.io/hashicorp/null\"]",
      "instances": []
    },
    {
      "module": "module.gitops_cp_foundation.module.setup_clis",
      "mode": "managed",
      "type": "null_resource",
      "name": "setup-binaries",
      "provider": "provider[\"registry.terraform.io/hashicorp/null\"]",
      "instances": [
        {
          "schema_version": 0,
          "attributes": {
            "id": "151441139979348055",
            "triggers": {
              "always_run": "2022-02-07T07:12:09Z"
            }
          },
          "sensitive_attributes": [],
          "private": "bnVsbA=="
        }
      ]
    },
    {
      "module": "module.gitops_ibm_catalogs",
      "mode": "managed",
      "type": "null_resource",
      "name": "create_yaml",
      "provider": "provider[\"registry.terraform.io/hashicorp/null\"]",
      "instances": [
        {
          "schema_version": 0,
          "attributes": {
            "id": "2207054369944671387",
            "triggers": null
          },
          "sensitive_attributes": [],
          "private": "bnVsbA=="
        }
      ]
    },
    {
      "module": "module.gitops_ibm_catalogs",
      "mode": "managed",
      "type": "null_resource",
      "name": "setup_gitops",
      "provider": "provider[\"registry.terraform.io/hashicorp/null\"]",
      "instances": []
    },
    {
      "module": "module.gitops_ibm_catalogs.module.pull_secret",
      "mode": "managed",
      "type": "null_resource",
      "name": "create_secret",
      "provider": "provider[\"registry.terraform.io/hashicorp/null\"]",
      "instances": []
    },
    {
      "module": "module.gitops_ibm_catalogs.module.pull_secret",
      "mode": "managed",
      "type": "null_resource",
      "name": "setup_gitops",
      "provider": "provider[\"registry.terraform.io/hashicorp/null\"]",
      "instances": []
    },
    {
      "module": "module.gitops_ibm_catalogs.module.pull_secret.module.setup_clis",
      "mode": "managed",
      "type": "null_resource",
      "name": "setup-binaries",
      "provider": "provider[\"registry.terraform.io/hashicorp/null\"]",
      "instances": [
        {
          "schema_version": 0,
          "attributes": {
            "id": "1918495956368862969",
            "triggers": {
              "always_run": "2022-02-07T07:12:09Z"
            }
          },
          "sensitive_attributes": [],
          "private": "bnVsbA=="
        }
      ]
    },
    {
      "module": "module.gitops_ibm_catalogs.module.setup_clis",
      "mode": "managed",
      "type": "null_resource",
      "name": "setup-binaries",
      "provider": "provider[\"registry.terraform.io/hashicorp/null\"]",
      "instances": [
        {
          "schema_version": 0,
          "attributes": {
            "id": "3576892906563733058",
            "triggers": {
              "always_run": "2022-02-07T07:12:09Z"
            }
          },
          "sensitive_attributes": [],
          "private": "bnVsbA=="
        }
      ]
    },
    {
      "module": "module.gitops_module",
      "mode": "managed",
      "type": "null_resource",
      "name": "create_instance_yaml",
      "provider": "provider[\"registry.terraform.io/hashicorp/null\"]",
      "instances": []
    },
    {
      "module": "module.gitops_module",
      "mode": "managed",
      "type": "null_resource",
      "name": "create_subcription_yaml",
      "provider": "provider[\"registry.terraform.io/hashicorp/null\"]",
      "instances": [
        {
          "schema_version": 0,
          "attributes": {
            "id": "1756910394160261244",
            "triggers": null
          },
          "sensitive_attributes": [],
          "private": "bnVsbA=="
        }
      ]
    },
    {
      "module": "module.gitops_module",
      "mode": "managed",
      "type": "null_resource",
      "name": "setup_gitops_instance",
      "provider": "provider[\"registry.terraform.io/hashicorp/null\"]",
      "instances": []
    },
    {
      "module": "module.gitops_module",
      "mode": "managed",
      "type": "null_resource",
      "name": "setup_gitops_subscription",
      "provider": "provider[\"registry.terraform.io/hashicorp/null\"]",
      "instances": []
    },
    {
      "module": "module.gitops_module.module.setup_clis",
      "mode": "managed",
      "type": "null_resource",
      "name": "setup-binaries",
      "provider": "provider[\"registry.terraform.io/hashicorp/null\"]",
      "instances": []
    },
    {
      "module": "module.gitops_namespace",
      "mode": "managed",
      "type": "null_resource",
      "name": "create_yaml",
      "provider": "provider[\"registry.terraform.io/hashicorp/null\"]",
      "instances": []
    },
    {
      "module": "module.gitops_namespace",
      "mode": "managed",
      "type": "null_resource",
      "name": "setup_gitops",
      "provider": "provider[\"registry.terraform.io/hashicorp/null\"]",
      "instances": []
    },
    {
      "module": "module.gitops_namespace.module.setup_clis",
      "mode": "managed",
      "type": "null_resource",
      "name": "setup-binaries",
      "provider": "provider[\"registry.terraform.io/hashicorp/null\"]",
      "instances": [
        {
          "schema_version": 0,
          "attributes": {
            "id": "7621629856472474966",
            "triggers": {
              "always_run": "2022-02-07T07:12:09Z"
            }
          },
          "sensitive_attributes": [],
          "private": "bnVsbA=="
        }
      ]
    }
  ]
}
